github.com/jtacoma/uritemplates v1.0.0 h1:xwx5sBF7pPAb0Uj8lDC1Q/aBPpOFyQza7OC705ZlLCo=
github.com/jtacoma/uritemplates v1.0.0/go.mod h1:IhIICdE9OcvgUnGwTtJxgBQ+VrTrti5PcbLVSJianO8=
github.com/sfomuseum/go-accession-numbers v0.0.1 h1:akK//w/UtOSopCFSE2m0vY34QeXFKTQLQ+goQ/h7a6c=
github.com/sfomuseum/go-accession-numbers v0.0.1/go.mod h1:zEnlXnSRlDInk2BQf+vdZbG545qrYW39b1D0Hha/jg0=
github.com/sfomuseum/go-accession-numbers v0.0.2 h1:HqdcbCsMevmJ/rkySfSVfrG8vuoI8Ct5X87GEYLCjok=
github.com/sfomuseum/go-accession-numbers v0.0.2/go.mod h1:zEnlXnSRlDInk2BQf+vdZbG545qrYW39b1D0Hha/jg0=
github.com/sfomuseum/go-accession-numbers v0.0.3 h1:OuOgN62IlHzSEIQodr7X8bUsJCIdhUwGIBlYKhCS/MU=
github.com/sfomuseum/go-accession-numbers v0.0.3/go.mod h1:zEnlXnSRlDInk2BQf+vdZbG545qrYW39b1D0Hha/jg0=
github.com/sfomuseum/go-accession-numbers v0.0.4 h1:pJB2V7XGj7jyBcRicBn6G8eS6756spRzX6PdhxdQcpM=
github.com/sfomuseum/go-accession-numbers v0.0.4/go.mod h1:zEnlXnSRlDInk2BQf+vdZbG545qrYW39b1D0Hha/jg0=
github.com/sfomuseum/go-accession-numbers v0.0.6 h1:MK4d7qp378x/R9mL+d+CjnyNeIZu08HMTWnIADUVi48=
github.com/sfomuseum/go-accession-numbers v0.0.6/go.mod h1:DcLahpq7vAO1szTdwA8CdCXG8KpsX8jyFm9iODQiyVM=
