github.com/sfomuseum/go-accession-numbers v0.0.1 h1:akK//w/UtOSopCFSE2m0vY34QeXFKTQLQ+goQ/h7a6c=
github.com/sfomuseum/go-accession-numbers v0.0.1/go.mod h1:zEnlXnSRlDInk2BQf+vdZbG545qrYW39b1D0Hha/jg0=
github.com/sfomuseum/go-accession-numbers v0.0.2 h1:HqdcbCsMevmJ/rkySfSVfrG8vuoI8Ct5X87GEYLCjok=
github.com/sfomuseum/go-accession-numbers v0.0.2/go.mod h1:zEnlXnSRlDInk2BQf+vdZbG545qrYW39b1D0Hha/jg0=
github.com/sfomuseum/go-accession-numbers v0.0.3 h1:OuOgN62IlHzSEIQodr7X8bUsJCIdhUwGIBlYKhCS/MU=
github.com/sfomuseum/go-accession-numbers v0.0.3/go.mod h1:zEnlXnSRlDInk2BQf+vdZbG545qrYW39b1D0Hha/jg0=
