github.com/jtacoma/uritemplates v1.0.0 h1:xwx5sBF7pPAb0Uj8lDC1Q/aBPpOFyQza7OC705ZlLCo=
github.com/jtacoma/uritemplates v1.0.0/go.mod h1:IhIICdE9OcvgUnGwTtJxgBQ+VrTrti5PcbLVSJianO8=
github.com/sfomuseum/go-accession-numbers v0.1.2 h1:TDUJnm35XyNge4xsT8OKzsIlgQ6XPpg4VFWMBOKZwTo=
github.com/sfomuseum/go-accession-numbers v0.1.2/go.mod h1:fR4sjv4yosLAuVv6/tQhHBQBh26FJ8KLLIJOm/xLk5E=
